// !$*UTF8*$!
{
	archiveVersion = 1;
	classes = {
	};
	objectVersion = 50;
	objects = {

/* Begin PBXBuildFile section */
		8FEF483BD5B3B7760BE58845 /* Pods_Todoey.framework in Frameworks */ = {isa = PBXBuildFile; fileRef = 8F6B45558C1D542F95C73140 /* Pods_Todoey.framework */; };
		BA6DEA89244D8E260083B2FC /* AppDelegate.swift in Sources */ = {isa = PBXBuildFile; fileRef = BA6DEA88244D8E260083B2FC /* AppDelegate.swift */; };
		BA6DEA8B244D8E260083B2FC /* SceneDelegate.swift in Sources */ = {isa = PBXBuildFile; fileRef = BA6DEA8A244D8E260083B2FC /* SceneDelegate.swift */; };
		BA6DEA8D244D8E260083B2FC /* TodoListViewController.swift in Sources */ = {isa = PBXBuildFile; fileRef = BA6DEA8C244D8E260083B2FC /* TodoListViewController.swift */; };
		BA6DEA90244D8E260083B2FC /* Main.storyboard in Resources */ = {isa = PBXBuildFile; fileRef = BA6DEA8E244D8E260083B2FC /* Main.storyboard */; };
		BA6DEA92244D8E280083B2FC /* Assets.xcassets in Resources */ = {isa = PBXBuildFile; fileRef = BA6DEA91244D8E280083B2FC /* Assets.xcassets */; };
		BA6DEA95244D8E280083B2FC /* LaunchScreen.storyboard in Resources */ = {isa = PBXBuildFile; fileRef = BA6DEA93244D8E280083B2FC /* LaunchScreen.storyboard */; };
		BA6F9D2324517D8700E676AF /* DataModel.xcdatamodeld in Sources */ = {isa = PBXBuildFile; fileRef = BA6F9D2124517D8700E676AF /* DataModel.xcdatamodeld */; };
		BA6F9D252452B88E00E676AF /* CatagoryViewController.swift in Sources */ = {isa = PBXBuildFile; fileRef = BA6F9D242452B88E00E676AF /* CatagoryViewController.swift */; };
/* End PBXBuildFile section */

/* Begin PBXFileReference section */
		8F6B45558C1D542F95C73140 /* Pods_Todoey.framework */ = {isa = PBXFileReference; explicitFileType = wrapper.framework; includeInIndex = 0; path = Pods_Todoey.framework; sourceTree = BUILT_PRODUCTS_DIR; };
		A2FCE145ADBFF9C3E7416ECC /* Pods-Todoey.debug.xcconfig */ = {isa = PBXFileReference; includeInIndex = 1; lastKnownFileType = text.xcconfig; name = "Pods-Todoey.debug.xcconfig"; path = "Target Support Files/Pods-Todoey/Pods-Todoey.debug.xcconfig"; sourceTree = "<group>"; };
		BA6DEA85244D8E260083B2FC /* Todoey.app */ = {isa = PBXFileReference; explicitFileType = wrapper.application; includeInIndex = 0; path = Todoey.app; sourceTree = BUILT_PRODUCTS_DIR; };
		BA6DEA88244D8E260083B2FC /* AppDelegate.swift */ = {isa = PBXFileReference; lastKnownFileType = sourcecode.swift; path = AppDelegate.swift; sourceTree = "<group>"; };
		BA6DEA8A244D8E260083B2FC /* SceneDelegate.swift */ = {isa = PBXFileReference; lastKnownFileType = sourcecode.swift; path = SceneDelegate.swift; sourceTree = "<group>"; };
		BA6DEA8C244D8E260083B2FC /* TodoListViewController.swift */ = {isa = PBXFileReference; lastKnownFileType = sourcecode.swift; path = TodoListViewController.swift; sourceTree = "<group>"; };
		BA6DEA8F244D8E260083B2FC /* Base */ = {isa = PBXFileReference; lastKnownFileType = file.storyboard; name = Base; path = Base.lproj/Main.storyboard; sourceTree = "<group>"; };
		BA6DEA91244D8E280083B2FC /* Assets.xcassets */ = {isa = PBXFileReference; lastKnownFileType = folder.assetcatalog; path = Assets.xcassets; sourceTree = "<group>"; };
		BA6DEA94244D8E280083B2FC /* Base */ = {isa = PBXFileReference; lastKnownFileType = file.storyboard; name = Base; path = Base.lproj/LaunchScreen.storyboard; sourceTree = "<group>"; };
		BA6DEA96244D8E280083B2FC /* Info.plist */ = {isa = PBXFileReference; lastKnownFileType = text.plist.xml; path = Info.plist; sourceTree = "<group>"; };
		BA6F9D2224517D8700E676AF /* DataModel.xcdatamodel */ = {isa = PBXFileReference; lastKnownFileType = wrapper.xcdatamodel; path = DataModel.xcdatamodel; sourceTree = "<group>"; };
		BA6F9D242452B88E00E676AF /* CatagoryViewController.swift */ = {isa = PBXFileReference; lastKnownFileType = sourcecode.swift; path = CatagoryViewController.swift; sourceTree = "<group>"; };
		EA688D5A532B3E366405F5DC /* Pods-Todoey.release.xcconfig */ = {isa = PBXFileReference; includeInIndex = 1; lastKnownFileType = text.xcconfig; name = "Pods-Todoey.release.xcconfig"; path = "Target Support Files/Pods-Todoey/Pods-Todoey.release.xcconfig"; sourceTree = "<group>"; };
/* End PBXFileReference section */

/* Begin PBXFrameworksBuildPhase section */
		BA6DEA82244D8E260083B2FC /* Frameworks */ = {
			isa = PBXFrameworksBuildPhase;
			buildActionMask = 2147483647;
			files = (
				8FEF483BD5B3B7760BE58845 /* Pods_Todoey.framework in Frameworks */,
			);
			runOnlyForDeploymentPostprocessing = 0;
		};
/* End PBXFrameworksBuildPhase section */

/* Begin PBXGroup section */
		05C5B55620745EE3055B8AE0 /* Frameworks */ = {
			isa = PBXGroup;
			children = (
				8F6B45558C1D542F95C73140 /* Pods_Todoey.framework */,
			);
			name = Frameworks;
			sourceTree = "<group>";
		};
		BA6DEA7C244D8E260083B2FC = {
			isa = PBXGroup;
			children = (
				BA6DEA87244D8E260083B2FC /* Todoey */,
				BA6DEA86244D8E260083B2FC /* Products */,
				F07F17E5AF9FAAC90D09BD68 /* Pods */,
				05C5B55620745EE3055B8AE0 /* Frameworks */,
			);
			sourceTree = "<group>";
		};
		BA6DEA86244D8E260083B2FC /* Products */ = {
			isa = PBXGroup;
			children = (
				BA6DEA85244D8E260083B2FC /* Todoey.app */,
			);
			name = Products;
			sourceTree = "<group>";
		};
		BA6DEA87244D8E260083B2FC /* Todoey */ = {
			isa = PBXGroup;
			children = (
				BA6DEA88244D8E260083B2FC /* AppDelegate.swift */,
				BA6DEA8A244D8E260083B2FC /* SceneDelegate.swift */,
				BA6F9D1C2450293A00E676AF /* Controllers */,
				BA6F9D20245029CB00E676AF /* Views */,
				BA6DEA91244D8E280083B2FC /* Assets.xcassets */,
				BA6DEA96244D8E280083B2FC /* Info.plist */,
				BA6F9D1F245029B800E676AF /* Data Models */,
			);
			path = Todoey;
			sourceTree = "<group>";
		};
		BA6F9D1C2450293A00E676AF /* Controllers */ = {
			isa = PBXGroup;
			children = (
				BA6F9D242452B88E00E676AF /* CatagoryViewController.swift */,
				BA6DEA8C244D8E260083B2FC /* TodoListViewController.swift */,
			);
			path = Controllers;
			sourceTree = "<group>";
		};
		BA6F9D1F245029B800E676AF /* Data Models */ = {
			isa = PBXGroup;
			children = (
				BA6F9D2124517D8700E676AF /* DataModel.xcdatamodeld */,
			);
			path = "Data Models";
			sourceTree = "<group>";
		};
		BA6F9D20245029CB00E676AF /* Views */ = {
			isa = PBXGroup;
			children = (
				BA6DEA93244D8E280083B2FC /* LaunchScreen.storyboard */,
				BA6DEA8E244D8E260083B2FC /* Main.storyboard */,
			);
			path = Views;
			sourceTree = "<group>";
		};
		F07F17E5AF9FAAC90D09BD68 /* Pods */ = {
			isa = PBXGroup;
			children = (
				A2FCE145ADBFF9C3E7416ECC /* Pods-Todoey.debug.xcconfig */,
				EA688D5A532B3E366405F5DC /* Pods-Todoey.release.xcconfig */,
			);
			name = Pods;
			path = Pods;
			sourceTree = "<group>";
		};
/* End PBXGroup section */

/* Begin PBXNativeTarget section */
		BA6DEA84244D8E260083B2FC /* Todoey */ = {
			isa = PBXNativeTarget;
			buildConfigurationList = BA6DEA99244D8E280083B2FC /* Build configuration list for PBXNativeTarget "Todoey" */;
			buildPhases = (
				B5C82A9BA466406D0F5922A6 /* [CP] Check Pods Manifest.lock */,
				BA6DEA81244D8E260083B2FC /* Sources */,
				BA6DEA82244D8E260083B2FC /* Frameworks */,
				BA6DEA83244D8E260083B2FC /* Resources */,
				B0AEDF7D9E3D146AD032B8AD /* [CP] Embed Pods Frameworks */,
			);
			buildRules = (
			);
			dependencies = (
			);
			name = Todoey;
			productName = Todoey;
			productReference = BA6DEA85244D8E260083B2FC /* Todoey.app */;
			productType = "com.apple.product-type.application";
		};
/* End PBXNativeTarget section */

/* Begin PBXProject section */
		BA6DEA7D244D8E260083B2FC /* Project object */ = {
			isa = PBXProject;
			attributes = {
				LastSwiftUpdateCheck = 1140;
				LastUpgradeCheck = 1140;
				ORGANIZATIONNAME = "Nirajan Chapagain";
				TargetAttributes = {
					BA6DEA84244D8E260083B2FC = {
						CreatedOnToolsVersion = 11.4.1;
					};
				};
			};
			buildConfigurationList = BA6DEA80244D8E260083B2FC /* Build configuration list for PBXProject "Todoey" */;
			compatibilityVersion = "Xcode 9.3";
			developmentRegion = en;
			hasScannedForEncodings = 0;
			knownRegions = (
				en,
				Base,
			);
			mainGroup = BA6DEA7C244D8E260083B2FC;
			productRefGroup = BA6DEA86244D8E260083B2FC /* Products */;
			projectDirPath = "";
			projectRoot = "";
			targets = (
				BA6DEA84244D8E260083B2FC /* Todoey */,
			);
		};
/* End PBXProject section */

/* Begin PBXResourcesBuildPhase section */
		BA6DEA83244D8E260083B2FC /* Resources */ = {
			isa = PBXResourcesBuildPhase;
			buildActionMask = 2147483647;
			files = (
				BA6DEA95244D8E280083B2FC /* LaunchScreen.storyboard in Resources */,
				BA6DEA92244D8E280083B2FC /* Assets.xcassets in Resources */,
				BA6DEA90244D8E260083B2FC /* Main.storyboard in Resources */,
			);
			runOnlyForDeploymentPostprocessing = 0;
		};
/* End PBXResourcesBuildPhase section */

/* Begin PBXShellScriptBuildPhase section */
		B0AEDF7D9E3D146AD032B8AD /* [CP] Embed Pods Frameworks */ = {
			isa = PBXShellScriptBuildPhase;
			buildActionMask = 2147483647;
			files = (
			);
			inputFileListPaths = (
				"${PODS_ROOT}/Target Support Files/Pods-Todoey/Pods-Todoey-frameworks-${CONFIGURATION}-input-files.xcfilelist",
			);
			name = "[CP] Embed Pods Frameworks";
			outputFileListPaths = (
				"${PODS_ROOT}/Target Support Files/Pods-Todoey/Pods-Todoey-frameworks-${CONFIGURATION}-output-files.xcfilelist",
			);
			runOnlyForDeploymentPostprocessing = 0;
			shellPath = /bin/sh;
			shellScript = "\"${PODS_ROOT}/Target Support Files/Pods-Todoey/Pods-Todoey-frameworks.sh\"\n";
			showEnvVarsInLog = 0;
		};
		B5C82A9BA466406D0F5922A6 /* [CP] Check Pods Manifest.lock */ = {
			isa = PBXShellScriptBuildPhase;
			buildActionMask = 2147483647;
			files = (
			);
			inputFileListPaths = (
			);
			inputPaths = (
				"${PODS_PODFILE_DIR_PATH}/Podfile.lock",
				"${PODS_ROOT}/Manifest.lock",
			);
			name = "[CP] Check Pods Manifest.lock";
			outputFileListPaths = (
			);
			outputPaths = (
				"$(DERIVED_FILE_DIR)/Pods-Todoey-checkManifestLockResult.txt",
			);
			runOnlyForDeploymentPostprocessing = 0;
			shellPath = /bin/sh;
			shellScript = "diff \"${PODS_PODFILE_DIR_PATH}/Podfile.lock\" \"${PODS_ROOT}/Manifest.lock\" > /dev/null\nif [ $? != 0 ] ; then\n    # print error to STDERR\n    echo \"error: The sandbox is not in sync with the Podfile.lock. Run 'pod install' or update your CocoaPods installation.\" >&2\n    exit 1\nfi\n# This output is used by Xcode 'outputs' to avoid re-running this script phase.\necho \"SUCCESS\" > \"${SCRIPT_OUTPUT_FILE_0}\"\n";
			showEnvVarsInLog = 0;
		};
/* End PBXShellScriptBuildPhase section */

/* Begin PBXSourcesBuildPhase section */
		BA6DEA81244D8E260083B2FC /* Sources */ = {
			isa = PBXSourcesBuildPhase;
			buildActionMask = 2147483647;
			files = (
				BA6DEA8D244D8E260083B2FC /* TodoListViewController.swift in Sources */,
				BA6F9D2324517D8700E676AF /* DataModel.xcdatamodeld in Sources */,
				BA6DEA89244D8E260083B2FC /* AppDelegate.swift in Sources */,
				BA6DEA8B244D8E260083B2FC /* SceneDelegate.swift in Sources */,
				BA6F9D252452B88E00E676AF /* CatagoryViewController.swift in Sources */,
			);
			runOnlyForDeploymentPostprocessing = 0;
		};
/* End PBXSourcesBuildPhase section */

/* Begin PBXVariantGroup section */
		BA6DEA8E244D8E260083B2FC /* Main.storyboard */ = {
			isa = PBXVariantGroup;
			children = (
				BA6DEA8F244D8E260083B2FC /* Base */,
			);
			name = Main.storyboard;
			sourceTree = "<group>";
		};
		BA6DEA93244D8E280083B2FC /* LaunchScreen.storyboard */ = {
			isa = PBXVariantGroup;
			children = (
				BA6DEA94244D8E280083B2FC /* Base */,
			);
			name = LaunchScreen.storyboard;
			sourceTree = "<group>";
		};
/* End PBXVariantGroup section */

/* Begin XCBuildConfiguration section */
		BA6DEA97244D8E280083B2FC /* Debug */ = {
			isa = XCBuildConfiguration;
			buildSettings = {
				ALWAYS_SEARCH_USER_PATHS = NO;
				CLANG_ANALYZER_NONNULL = YES;
				CLANG_ANALYZER_NUMBER_OBJECT_CONVERSION = YES_AGGRESSIVE;
				CLANG_CXX_LANGUAGE_STANDARD = "gnu++14";
				CLANG_CXX_LIBRARY = "libc++";
				CLANG_ENABLE_MODULES = YES;
				CLANG_ENABLE_OBJC_ARC = YES;
				CLANG_ENABLE_OBJC_WEAK = YES;
				CLANG_WARN_BLOCK_CAPTURE_AUTORELEASING = YES;
				CLANG_WARN_BOOL_CONVERSION = YES;
				CLANG_WARN_COMMA = YES;
				CLANG_WARN_CONSTANT_CONVERSION = YES;
				CLANG_WARN_DEPRECATED_OBJC_IMPLEMENTATIONS = YES;
				CLANG_WARN_DIRECT_OBJC_ISA_USAGE = YES_ERROR;
				CLANG_WARN_DOCUMENTATION_COMMENTS = YES;
				CLANG_WARN_EMPTY_BODY = YES;
				CLANG_WARN_ENUM_CONVERSION = YES;
				CLANG_WARN_INFINITE_RECURSION = YES;
				CLANG_WARN_INT_CONVERSION = YES;
				CLANG_WARN_NON_LITERAL_NULL_CONVERSION = YES;
				CLANG_WARN_OBJC_IMPLICIT_RETAIN_SELF = YES;
				CLANG_WARN_OBJC_LITERAL_CONVERSION = YES;
				CLANG_WARN_OBJC_ROOT_CLASS = YES_ERROR;
				CLANG_WARN_RANGE_LOOP_ANALYSIS = YES;
				CLANG_WARN_STRICT_PROTOTYPES = YES;
				CLANG_WARN_SUSPICIOUS_MOVE = YES;
				CLANG_WARN_UNGUARDED_AVAILABILITY = YES_AGGRESSIVE;
				CLANG_WARN_UNREACHABLE_CODE = YES;
				CLANG_WARN__DUPLICATE_METHOD_MATCH = YES;
				COPY_PHASE_STRIP = NO;
				DEBUG_INFORMATION_FORMAT = dwarf;
				ENABLE_STRICT_OBJC_MSGSEND = YES;
				ENABLE_TESTABILITY = YES;
				GCC_C_LANGUAGE_STANDARD = gnu11;
				GCC_DYNAMIC_NO_PIC = NO;
				GCC_NO_COMMON_BLOCKS = YES;
				GCC_OPTIMIZATION_LEVEL = 0;
				GCC_PREPROCESSOR_DEFINITIONS = (
					"DEBUG=1",
					"$(inherited)",
				);
				GCC_WARN_64_TO_32_BIT_CONVERSION = YES;
				GCC_WARN_ABOUT_RETURN_TYPE = YES_ERROR;
				GCC_WARN_UNDECLARED_SELECTOR = YES;
				GCC_WARN_UNINITIALIZED_AUTOS = YES_AGGRESSIVE;
				GCC_WARN_UNUSED_FUNCTION = YES;
				GCC_WARN_UNUSED_VARIABLE = YES;
				IPHONEOS_DEPLOYMENT_TARGET = 13.4;
				MTL_ENABLE_DEBUG_INFO = INCLUDE_SOURCE;
				MTL_FAST_MATH = YES;
				ONLY_ACTIVE_ARCH = YES;
				SDKROOT = iphoneos;
				SWIFT_ACTIVE_COMPILATION_CONDITIONS = DEBUG;
				SWIFT_OPTIMIZATION_LEVEL = "-Onone";
			};
			name = Debug;
		};
		BA6DEA98244D8E280083B2FC /* Release */ = {
			isa = XCBuildConfiguration;
			buildSettings = {
				ALWAYS_SEARCH_USER_PATHS = NO;
				CLANG_ANALYZER_NONNULL = YES;
				CLANG_ANALYZER_NUMBER_OBJECT_CONVERSION = YES_AGGRESSIVE;
				CLANG_CXX_LANGUAGE_STANDARD = "gnu++14";
				CLANG_CXX_LIBRARY = "libc++";
				CLANG_ENABLE_MODULES = YES;
				CLANG_ENABLE_OBJC_ARC = YES;
				CLANG_ENABLE_OBJC_WEAK = YES;
				CLANG_WARN_BLOCK_CAPTURE_AUTORELEASING = YES;
				CLANG_WARN_BOOL_CONVERSION = YES;
				CLANG_WARN_COMMA = YES;
				CLANG_WARN_CONSTANT_CONVERSION = YES;
				CLANG_WARN_DEPRECATED_OBJC_IMPLEMENTATIONS = YES;
				CLANG_WARN_DIRECT_OBJC_ISA_USAGE = YES_ERROR;
				CLANG_WARN_DOCUMENTATION_COMMENTS = YES;
				CLANG_WARN_EMPTY_BODY = YES;
				CLANG_WARN_ENUM_CONVERSION = YES;
				CLANG_WARN_INFINITE_RECURSION = YES;
				CLANG_WARN_INT_CONVERSION = YES;
				CLANG_WARN_NON_LITERAL_NULL_CONVERSION = YES;
				CLANG_WARN_OBJC_IMPLICIT_RETAIN_SELF = YES;
				CLANG_WARN_OBJC_LITERAL_CONVERSION = YES;
				CLANG_WARN_OBJC_ROOT_CLASS = YES_ERROR;
				CLANG_WARN_RANGE_LOOP_ANALYSIS = YES;
				CLANG_WARN_STRICT_PROTOTYPES = YES;
				CLANG_WARN_SUSPICIOUS_MOVE = YES;
				CLANG_WARN_UNGUARDED_AVAILABILITY = YES_AGGRESSIVE;
				CLANG_WARN_UNREACHABLE_CODE = YES;
				CLANG_WARN__DUPLICATE_METHOD_MATCH = YES;
				COPY_PHASE_STRIP = NO;
				DEBUG_INFORMATION_FORMAT = "dwarf-with-dsym";
				ENABLE_NS_ASSERTIONS = NO;
				ENABLE_STRICT_OBJC_MSGSEND = YES;
				GCC_C_LANGUAGE_STANDARD = gnu11;
				GCC_NO_COMMON_BLOCKS = YES;
				GCC_WARN_64_TO_32_BIT_CONVERSION = YES;
				GCC_WARN_ABOUT_RETURN_TYPE = YES_ERROR;
				GCC_WARN_UNDECLARED_SELECTOR = YES;
				GCC_WARN_UNINITIALIZED_AUTOS = YES_AGGRESSIVE;
				GCC_WARN_UNUSED_FUNCTION = YES;
				GCC_WARN_UNUSED_VARIABLE = YES;
				IPHONEOS_DEPLOYMENT_TARGET = 13.4;
				MTL_ENABLE_DEBUG_INFO = NO;
				MTL_FAST_MATH = YES;
				SDKROOT = iphoneos;
				SWIFT_COMPILATION_MODE = wholemodule;
				SWIFT_OPTIMIZATION_LEVEL = "-O";
				VALIDATE_PRODUCT = YES;
			};
			name = Release;
		};
		BA6DEA9A244D8E280083B2FC /* Debug */ = {
			isa = XCBuildConfiguration;
			baseConfigurationReference = A2FCE145ADBFF9C3E7416ECC /* Pods-Todoey.debug.xcconfig */;
			buildSettings = {
				ASSETCATALOG_COMPILER_APPICON_NAME = AppIcon;
				CODE_SIGN_STYLE = Automatic;
				INFOPLIST_FILE = Todoey/Info.plist;
				LD_RUNPATH_SEARCH_PATHS = (
					"$(inherited)",
					"@executable_path/Frameworks",
				);
				PRODUCT_BUNDLE_IDENTIFIER = Nirajan.Todoey;
				PRODUCT_NAME = "$(TARGET_NAME)";
				SWIFT_VERSION = 5.0;
				TARGETED_DEVICE_FAMILY = "1,2";
			};
			name = Debug;
		};
		BA6DEA9B244D8E280083B2FC /* Release */ = {
			isa = XCBuildConfiguration;
			baseConfigurationReference = EA688D5A532B3E366405F5DC /* Pods-Todoey.release.xcconfig */;
			buildSettings = {
				ASSETCATALOG_COMPILER_APPICON_NAME = AppIcon;
				CODE_SIGN_STYLE = Automatic;
				INFOPLIST_FILE = Todoey/Info.plist;
				LD_RUNPATH_SEARCH_PATHS = (
					"$(inherited)",
					"@executable_path/Frameworks",
				);
				PRODUCT_BUNDLE_IDENTIFIER = Nirajan.Todoey;
				PRODUCT_NAME = "$(TARGET_NAME)";
				SWIFT_VERSION = 5.0;
				TARGETED_DEVICE_FAMILY = "1,2";
			};
			name = Release;
		};
/* End XCBuildConfiguration section */

/* Begin XCConfigurationList section */
		BA6DEA80244D8E260083B2FC /* Build configuration list for PBXProject "Todoey" */ = {
			isa = XCConfigurationList;
			buildConfigurations = (
				BA6DEA97244D8E280083B2FC /* Debug */,
				BA6DEA98244D8E280083B2FC /* Release */,
			);
			defaultConfigurationIsVisible = 0;
			defaultConfigurationName = Release;
		};
		BA6DEA99244D8E280083B2FC /* Build configuration list for PBXNativeTarget "Todoey" */ = {
			isa = XCConfigurationList;
			buildConfigurations = (
				BA6DEA9A244D8E280083B2FC /* Debug */,
				BA6DEA9B244D8E280083B2FC /* Release */,
			);
			defaultConfigurationIsVisible = 0;
			defaultConfigurationName = Release;
		};
/* End XCConfigurationList section */

/* Begin XCVersionGroup section */
		BA6F9D2124517D8700E676AF /* DataModel.xcdatamodeld */ = {
			isa = XCVersionGroup;
			children = (
				BA6F9D2224517D8700E676AF /* DataModel.xcdatamodel */,
			);
			currentVersion = BA6F9D2224517D8700E676AF /* DataModel.xcdatamodel */;
			path = DataModel.xcdatamodeld;
			sourceTree = "<group>";
			versionGroupType = wrapper.xcdatamodel;
		};
/* End XCVersionGroup section */
	};
	rootObject = BA6DEA7D244D8E260083B2FC /* Project object */;
}
